
Microsoft Visual Studio Solution File, Format Version 12.00
# Visual Studio Version 16
VisualStudioVersion = 16.0.29519.181
MinimumVisualStudioVersion = 10.0.40219.1
Project("{8BC9CEB8-8B4A-11D0-8D11-00A0C91BC942}") = "Lab3", "Lab3.vcxproj", "{99C62B4B-217A-4C34-B908-DA86A0B9AE7B}"
EndProject
Global
	GlobalSection(SolutionConfigurationPlatforms) = preSolution
		Debug|x64 = Debug|x64
		Debug|x86 = Debug|x86
		Release|x64 = Release|x64
		Release|x86 = Release|x86
	EndGlobalSection
	GlobalSection(ProjectConfigurationPlatforms) = postSolution
		{99C62B4B-217A-4C34-B908-DA86A0B9AE7B}.Debug|x64.ActiveCfg = Debug|x64
		{99C62B4B-217A-4C34-B908-DA86A0B9AE7B}.Debug|x64.Build.0 = Debug|x64
		{99C62B4B-217A-4C34-B908-DA86A0B9AE7B}.Debug|x86.ActiveCfg = Debug|Win32
		{99C62B4B-217A-4C34-B908-DA86A0B9AE7B}.Debug|x86.Build.0 = Debug|Win32
		{99C62B4B-217A-4C34-B908-DA86A0B9AE7B}.Release|x64.ActiveCfg = Release|x64
		{99C62B4B-217A-4C34-B908-DA86A0B9AE7B}.Release|x64.Build.0 = Release|x64
		{99C62B4B-217A-4C34-B908-DA86A0B9AE7B}.Release|x86.ActiveCfg = Release|Win32
		{99C62B4B-217A-4C34-B908-DA86A0B9AE7B}.Release|x86.Build.0 = Release|Win32
	EndGlobalSection
	GlobalSection(SolutionProperties) = preSolution
		HideSolutionNode = FALSE
	EndGlobalSection
	GlobalSection(ExtensibilityGlobals) = postSolution
		SolutionGuid = {7BF32C82-FF44-41CC-B818-5918F6E0487C}
	EndGlobalSection
EndGlobal
